// !$*UTF8*$!
{
	archiveVersion = 1;
	classes = {
	};
	objectVersion = 50;
	objects = {

/* Begin PBXBuildFile section */
		61322FD12111905400B604B2 /* AppDelegate.m in Sources */ = {isa = PBXBuildFile; fileRef = 61322FD02111905400B604B2 /* AppDelegate.m */; };
		61322FD42111905400B604B2 /* ViewController.m in Sources */ = {isa = PBXBuildFile; fileRef = 61322FD32111905400B604B2 /* ViewController.m */; };
		61322FD72111905400B604B2 /* Main.storyboard in Resources */ = {isa = PBXBuildFile; fileRef = 61322FD52111905400B604B2 /* Main.storyboard */; };
		61322FD92111905600B604B2 /* Assets.xcassets in Resources */ = {isa = PBXBuildFile; fileRef = 61322FD82111905600B604B2 /* Assets.xcassets */; };
		61322FDC2111905600B604B2 /* LaunchScreen.storyboard in Resources */ = {isa = PBXBuildFile; fileRef = 61322FDA2111905600B604B2 /* LaunchScreen.storyboard */; };
		61322FDF2111905600B604B2 /* main.m in Sources */ = {isa = PBXBuildFile; fileRef = 61322FDE2111905600B604B2 /* main.m */; };
		61322FE92111905600B604B2 /* InputModuleTests.m in Sources */ = {isa = PBXBuildFile; fileRef = 61322FE82111905600B604B2 /* InputModuleTests.m */; };
		61322FF42111905600B604B2 /* InputModuleUITests.m in Sources */ = {isa = PBXBuildFile; fileRef = 61322FF32111905600B604B2 /* InputModuleUITests.m */; };
		613230032111999D00B604B2 /* MLD_InputView.m in Sources */ = {isa = PBXBuildFile; fileRef = 613230022111999D00B604B2 /* MLD_InputView.m */; };
		61323006211199F100B604B2 /* MLD_InputToolBar.m in Sources */ = {isa = PBXBuildFile; fileRef = 61323005211199F100B604B2 /* MLD_InputToolBar.m */; };
		6132300A21119C5B00B604B2 /* UIView+MLD.m in Sources */ = {isa = PBXBuildFile; fileRef = 6132300921119C5B00B604B2 /* UIView+MLD.m */; };
		6132300E2112B13900B604B2 /* MLD_InputVoiceContainerView.m in Sources */ = {isa = PBXBuildFile; fileRef = 6132300D2112B13900B604B2 /* MLD_InputVoiceContainerView.m */; };
		613230112112B15C00B604B2 /* MLD_InputTextContainerView.m in Sources */ = {isa = PBXBuildFile; fileRef = 613230102112B15C00B604B2 /* MLD_InputTextContainerView.m */; };
		613230142112B17A00B604B2 /* MLD_InputMaterialContainerView.m in Sources */ = {isa = PBXBuildFile; fileRef = 613230132112B17A00B604B2 /* MLD_InputMaterialContainerView.m */; };
		613230172112B18C00B604B2 /* MLD_InputManagerContainerView.m in Sources */ = {isa = PBXBuildFile; fileRef = 613230162112B18C00B604B2 /* MLD_InputManagerContainerView.m */; };
		6132301A2112DBB200B604B2 /* MLD_MediaItem.m in Sources */ = {isa = PBXBuildFile; fileRef = 613230192112DBB200B604B2 /* MLD_MediaItem.m */; };
		6132301D2112E13F00B604B2 /* MLD_MediaCell.m in Sources */ = {isa = PBXBuildFile; fileRef = 6132301C2112E13F00B604B2 /* MLD_MediaCell.m */; };
		613230202112E6ED00B604B2 /* MLD_MediaContainerView.m in Sources */ = {isa = PBXBuildFile; fileRef = 6132301F2112E6ED00B604B2 /* MLD_MediaContainerView.m */; };
		613230242113E13300B604B2 /* UITableView+MLD.m in Sources */ = {isa = PBXBuildFile; fileRef = 613230232113E13300B604B2 /* UITableView+MLD.m */; };
		714DE50477D2FEB89DACDF68 /* libPods-InputModule.a in Frameworks */ = {isa = PBXBuildFile; fileRef = 1929C743664A608D3E601B1D /* libPods-InputModule.a */; };
/* End PBXBuildFile section */

/* Begin PBXContainerItemProxy section */
		61322FE52111905600B604B2 /* PBXContainerItemProxy */ = {
			isa = PBXContainerItemProxy;
			containerPortal = 61322FC42111905400B604B2 /* Project object */;
			proxyType = 1;
			remoteGlobalIDString = 61322FCB2111905400B604B2;
			remoteInfo = InputModule;
		};
		61322FF02111905600B604B2 /* PBXContainerItemProxy */ = {
			isa = PBXContainerItemProxy;
			containerPortal = 61322FC42111905400B604B2 /* Project object */;
			proxyType = 1;
			remoteGlobalIDString = 61322FCB2111905400B604B2;
			remoteInfo = InputModule;
		};
/* End PBXContainerItemProxy section */

/* Begin PBXFileReference section */
		1929C743664A608D3E601B1D /* libPods-InputModule.a */ = {isa = PBXFileReference; explicitFileType = archive.ar; includeInIndex = 0; path = "libPods-InputModule.a"; sourceTree = BUILT_PRODUCTS_DIR; };
		53979D017C0B751678480679 /* Pods-InputModule.debug.xcconfig */ = {isa = PBXFileReference; includeInIndex = 1; lastKnownFileType = text.xcconfig; name = "Pods-InputModule.debug.xcconfig"; path = "Pods/Target Support Files/Pods-InputModule/Pods-InputModule.debug.xcconfig"; sourceTree = "<group>"; };
		61322FCC2111905400B604B2 /* InputModule.app */ = {isa = PBXFileReference; explicitFileType = wrapper.application; includeInIndex = 0; path = InputModule.app; sourceTree = BUILT_PRODUCTS_DIR; };
		61322FCF2111905400B604B2 /* AppDelegate.h */ = {isa = PBXFileReference; lastKnownFileType = sourcecode.c.h; path = AppDelegate.h; sourceTree = "<group>"; };
		61322FD02111905400B604B2 /* AppDelegate.m */ = {isa = PBXFileReference; lastKnownFileType = sourcecode.c.objc; path = AppDelegate.m; sourceTree = "<group>"; };
		61322FD22111905400B604B2 /* ViewController.h */ = {isa = PBXFileReference; lastKnownFileType = sourcecode.c.h; path = ViewController.h; sourceTree = "<group>"; };
		61322FD32111905400B604B2 /* ViewController.m */ = {isa = PBXFileReference; lastKnownFileType = sourcecode.c.objc; path = ViewController.m; sourceTree = "<group>"; };
		61322FD62111905400B604B2 /* Base */ = {isa = PBXFileReference; lastKnownFileType = file.storyboard; name = Base; path = Base.lproj/Main.storyboard; sourceTree = "<group>"; };
		61322FD82111905600B604B2 /* Assets.xcassets */ = {isa = PBXFileReference; lastKnownFileType = folder.assetcatalog; path = Assets.xcassets; sourceTree = "<group>"; };
		61322FDB2111905600B604B2 /* Base */ = {isa = PBXFileReference; lastKnownFileType = file.storyboard; name = Base; path = Base.lproj/LaunchScreen.storyboard; sourceTree = "<group>"; };
		61322FDD2111905600B604B2 /* Info.plist */ = {isa = PBXFileReference; lastKnownFileType = text.plist.xml; path = Info.plist; sourceTree = "<group>"; };
		61322FDE2111905600B604B2 /* main.m */ = {isa = PBXFileReference; lastKnownFileType = sourcecode.c.objc; path = main.m; sourceTree = "<group>"; };
		61322FE42111905600B604B2 /* InputModuleTests.xctest */ = {isa = PBXFileReference; explicitFileType = wrapper.cfbundle; includeInIndex = 0; path = InputModuleTests.xctest; sourceTree = BUILT_PRODUCTS_DIR; };
		61322FE82111905600B604B2 /* InputModuleTests.m */ = {isa = PBXFileReference; lastKnownFileType = sourcecode.c.objc; path = InputModuleTests.m; sourceTree = "<group>"; };
		61322FEA2111905600B604B2 /* Info.plist */ = {isa = PBXFileReference; lastKnownFileType = text.plist.xml; path = Info.plist; sourceTree = "<group>"; };
		61322FEF2111905600B604B2 /* InputModuleUITests.xctest */ = {isa = PBXFileReference; explicitFileType = wrapper.cfbundle; includeInIndex = 0; path = InputModuleUITests.xctest; sourceTree = BUILT_PRODUCTS_DIR; };
		61322FF32111905600B604B2 /* InputModuleUITests.m */ = {isa = PBXFileReference; lastKnownFileType = sourcecode.c.objc; path = InputModuleUITests.m; sourceTree = "<group>"; };
		61322FF52111905600B604B2 /* Info.plist */ = {isa = PBXFileReference; lastKnownFileType = text.plist.xml; path = Info.plist; sourceTree = "<group>"; };
		613230012111999D00B604B2 /* MLD_InputView.h */ = {isa = PBXFileReference; lastKnownFileType = sourcecode.c.h; path = MLD_InputView.h; sourceTree = "<group>"; };
		613230022111999D00B604B2 /* MLD_InputView.m */ = {isa = PBXFileReference; lastKnownFileType = sourcecode.c.objc; path = MLD_InputView.m; sourceTree = "<group>"; };
		61323004211199F100B604B2 /* MLD_InputToolBar.h */ = {isa = PBXFileReference; lastKnownFileType = sourcecode.c.h; path = MLD_InputToolBar.h; sourceTree = "<group>"; };
		61323005211199F100B604B2 /* MLD_InputToolBar.m */ = {isa = PBXFileReference; lastKnownFileType = sourcecode.c.objc; path = MLD_InputToolBar.m; sourceTree = "<group>"; };
		6132300721119AD700B604B2 /* PrefixHeader.pch */ = {isa = PBXFileReference; lastKnownFileType = sourcecode.c.h; path = PrefixHeader.pch; sourceTree = "<group>"; };
		6132300821119C5B00B604B2 /* UIView+MLD.h */ = {isa = PBXFileReference; lastKnownFileType = sourcecode.c.h; path = "UIView+MLD.h"; sourceTree = "<group>"; };
		6132300921119C5B00B604B2 /* UIView+MLD.m */ = {isa = PBXFileReference; lastKnownFileType = sourcecode.c.objc; path = "UIView+MLD.m"; sourceTree = "<group>"; };
		6132300C2112B13900B604B2 /* MLD_InputVoiceContainerView.h */ = {isa = PBXFileReference; lastKnownFileType = sourcecode.c.h; path = MLD_InputVoiceContainerView.h; sourceTree = "<group>"; };
		6132300D2112B13900B604B2 /* MLD_InputVoiceContainerView.m */ = {isa = PBXFileReference; lastKnownFileType = sourcecode.c.objc; path = MLD_InputVoiceContainerView.m; sourceTree = "<group>"; };
		6132300F2112B15C00B604B2 /* MLD_InputTextContainerView.h */ = {isa = PBXFileReference; lastKnownFileType = sourcecode.c.h; path = MLD_InputTextContainerView.h; sourceTree = "<group>"; };
		613230102112B15C00B604B2 /* MLD_InputTextContainerView.m */ = {isa = PBXFileReference; lastKnownFileType = sourcecode.c.objc; path = MLD_InputTextContainerView.m; sourceTree = "<group>"; };
		613230122112B17A00B604B2 /* MLD_InputMaterialContainerView.h */ = {isa = PBXFileReference; lastKnownFileType = sourcecode.c.h; path = MLD_InputMaterialContainerView.h; sourceTree = "<group>"; };
		613230132112B17A00B604B2 /* MLD_InputMaterialContainerView.m */ = {isa = PBXFileReference; lastKnownFileType = sourcecode.c.objc; path = MLD_InputMaterialContainerView.m; sourceTree = "<group>"; };
		613230152112B18C00B604B2 /* MLD_InputManagerContainerView.h */ = {isa = PBXFileReference; lastKnownFileType = sourcecode.c.h; path = MLD_InputManagerContainerView.h; sourceTree = "<group>"; };
		613230162112B18C00B604B2 /* MLD_InputManagerContainerView.m */ = {isa = PBXFileReference; lastKnownFileType = sourcecode.c.objc; path = MLD_InputManagerContainerView.m; sourceTree = "<group>"; };
		613230182112DBB200B604B2 /* MLD_MediaItem.h */ = {isa = PBXFileReference; lastKnownFileType = sourcecode.c.h; path = MLD_MediaItem.h; sourceTree = "<group>"; };
		613230192112DBB200B604B2 /* MLD_MediaItem.m */ = {isa = PBXFileReference; lastKnownFileType = sourcecode.c.objc; path = MLD_MediaItem.m; sourceTree = "<group>"; };
		6132301B2112E13F00B604B2 /* MLD_MediaCell.h */ = {isa = PBXFileReference; lastKnownFileType = sourcecode.c.h; path = MLD_MediaCell.h; sourceTree = "<group>"; };
		6132301C2112E13F00B604B2 /* MLD_MediaCell.m */ = {isa = PBXFileReference; lastKnownFileType = sourcecode.c.objc; path = MLD_MediaCell.m; sourceTree = "<group>"; };
		6132301E2112E6ED00B604B2 /* MLD_MediaContainerView.h */ = {isa = PBXFileReference; lastKnownFileType = sourcecode.c.h; path = MLD_MediaContainerView.h; sourceTree = "<group>"; };
		6132301F2112E6ED00B604B2 /* MLD_MediaContainerView.m */ = {isa = PBXFileReference; lastKnownFileType = sourcecode.c.objc; path = MLD_MediaContainerView.m; sourceTree = "<group>"; };
		613230222113E13300B604B2 /* UITableView+MLD.h */ = {isa = PBXFileReference; lastKnownFileType = sourcecode.c.h; path = "UITableView+MLD.h"; sourceTree = "<group>"; };
		613230232113E13300B604B2 /* UITableView+MLD.m */ = {isa = PBXFileReference; lastKnownFileType = sourcecode.c.objc; path = "UITableView+MLD.m"; sourceTree = "<group>"; };
		D2382CF6ACD7CA8C63F03254 /* Pods-InputModule.release.xcconfig */ = {isa = PBXFileReference; includeInIndex = 1; lastKnownFileType = text.xcconfig; name = "Pods-InputModule.release.xcconfig"; path = "Pods/Target Support Files/Pods-InputModule/Pods-InputModule.release.xcconfig"; sourceTree = "<group>"; };
/* End PBXFileReference section */

/* Begin PBXFrameworksBuildPhase section */
		61322FC92111905400B604B2 /* Frameworks */ = {
			isa = PBXFrameworksBuildPhase;
			buildActionMask = 2147483647;
			files = (
				714DE50477D2FEB89DACDF68 /* libPods-InputModule.a in Frameworks */,
			);
			runOnlyForDeploymentPostprocessing = 0;
		};
		61322FE12111905600B604B2 /* Frameworks */ = {
			isa = PBXFrameworksBuildPhase;
			buildActionMask = 2147483647;
			files = (
			);
			runOnlyForDeploymentPostprocessing = 0;
		};
		61322FEC2111905600B604B2 /* Frameworks */ = {
			isa = PBXFrameworksBuildPhase;
			buildActionMask = 2147483647;
			files = (
			);
			runOnlyForDeploymentPostprocessing = 0;
		};
/* End PBXFrameworksBuildPhase section */

/* Begin PBXGroup section */
		359427B19EA6D710CC2E6376 /* Frameworks */ = {
			isa = PBXGroup;
			children = (
				1929C743664A608D3E601B1D /* libPods-InputModule.a */,
			);
			name = Frameworks;
			sourceTree = "<group>";
		};
		61322FC32111905400B604B2 = {
			isa = PBXGroup;
			children = (
				61322FCE2111905400B604B2 /* InputModule */,
				61322FE72111905600B604B2 /* InputModuleTests */,
				61322FF22111905600B604B2 /* InputModuleUITests */,
				61322FCD2111905400B604B2 /* Products */,
				79235E4E4D7C062841A3549F /* Pods */,
				359427B19EA6D710CC2E6376 /* Frameworks */,
			);
			sourceTree = "<group>";
		};
		61322FCD2111905400B604B2 /* Products */ = {
			isa = PBXGroup;
			children = (
				61322FCC2111905400B604B2 /* InputModule.app */,
				61322FE42111905600B604B2 /* InputModuleTests.xctest */,
				61322FEF2111905600B604B2 /* InputModuleUITests.xctest */,
			);
			name = Products;
			sourceTree = "<group>";
		};
		61322FCE2111905400B604B2 /* InputModule */ = {
			isa = PBXGroup;
			children = (
				613230212113E10100B604B2 /* Category */,
				6132300B2112B0DF00B604B2 /* containerView */,
				61322FCF2111905400B604B2 /* AppDelegate.h */,
				61322FD02111905400B604B2 /* AppDelegate.m */,
				61322FD22111905400B604B2 /* ViewController.h */,
				61322FD32111905400B604B2 /* ViewController.m */,
				61322FD52111905400B604B2 /* Main.storyboard */,
				61322FD82111905600B604B2 /* Assets.xcassets */,
				61322FDA2111905600B604B2 /* LaunchScreen.storyboard */,
				61322FDD2111905600B604B2 /* Info.plist */,
				61322FDE2111905600B604B2 /* main.m */,
				6132300721119AD700B604B2 /* PrefixHeader.pch */,
				613230012111999D00B604B2 /* MLD_InputView.h */,
				613230022111999D00B604B2 /* MLD_InputView.m */,
				61323004211199F100B604B2 /* MLD_InputToolBar.h */,
				61323005211199F100B604B2 /* MLD_InputToolBar.m */,
				613230182112DBB200B604B2 /* MLD_MediaItem.h */,
				613230192112DBB200B604B2 /* MLD_MediaItem.m */,
			);
			path = InputModule;
			sourceTree = "<group>";
		};
		61322FE72111905600B604B2 /* InputModuleTests */ = {
			isa = PBXGroup;
			children = (
				61322FE82111905600B604B2 /* InputModuleTests.m */,
				61322FEA2111905600B604B2 /* Info.plist */,
			);
			path = InputModuleTests;
			sourceTree = "<group>";
		};
		61322FF22111905600B604B2 /* InputModuleUITests */ = {
			isa = PBXGroup;
			children = (
				61322FF32111905600B604B2 /* InputModuleUITests.m */,
				61322FF52111905600B604B2 /* Info.plist */,
			);
			path = InputModuleUITests;
			sourceTree = "<group>";
		};
		6132300B2112B0DF00B604B2 /* containerView */ = {
			isa = PBXGroup;
			children = (
				6132300C2112B13900B604B2 /* MLD_InputVoiceContainerView.h */,
				6132300D2112B13900B604B2 /* MLD_InputVoiceContainerView.m */,
				6132300F2112B15C00B604B2 /* MLD_InputTextContainerView.h */,
				613230102112B15C00B604B2 /* MLD_InputTextContainerView.m */,
				613230122112B17A00B604B2 /* MLD_InputMaterialContainerView.h */,
				613230132112B17A00B604B2 /* MLD_InputMaterialContainerView.m */,
				613230152112B18C00B604B2 /* MLD_InputManagerContainerView.h */,
				613230162112B18C00B604B2 /* MLD_InputManagerContainerView.m */,
				6132301B2112E13F00B604B2 /* MLD_MediaCell.h */,
				6132301C2112E13F00B604B2 /* MLD_MediaCell.m */,
				6132301E2112E6ED00B604B2 /* MLD_MediaContainerView.h */,
				6132301F2112E6ED00B604B2 /* MLD_MediaContainerView.m */,
			);
			path = containerView;
			sourceTree = "<group>";
		};
		613230212113E10100B604B2 /* Category */ = {
			isa = PBXGroup;
			children = (
				6132300821119C5B00B604B2 /* UIView+MLD.h */,
				6132300921119C5B00B604B2 /* UIView+MLD.m */,
				613230222113E13300B604B2 /* UITableView+MLD.h */,
				613230232113E13300B604B2 /* UITableView+MLD.m */,
			);
			path = Category;
			sourceTree = "<group>";
		};
		79235E4E4D7C062841A3549F /* Pods */ = {
			isa = PBXGroup;
			children = (
				53979D017C0B751678480679 /* Pods-InputModule.debug.xcconfig */,
				D2382CF6ACD7CA8C63F03254 /* Pods-InputModule.release.xcconfig */,
			);
			name = Pods;
			sourceTree = "<group>";
		};
/* End PBXGroup section */

/* Begin PBXNativeTarget section */
		61322FCB2111905400B604B2 /* InputModule */ = {
			isa = PBXNativeTarget;
			buildConfigurationList = 61322FF82111905700B604B2 /* Build configuration list for PBXNativeTarget "InputModule" */;
			buildPhases = (
				7308DB9E76CE74FBEC38903C /* [CP] Check Pods Manifest.lock */,
				61322FC82111905400B604B2 /* Sources */,
				61322FC92111905400B604B2 /* Frameworks */,
				61322FCA2111905400B604B2 /* Resources */,
			);
			buildRules = (
			);
			dependencies = (
			);
			name = InputModule;
			productName = InputModule;
			productReference = 61322FCC2111905400B604B2 /* InputModule.app */;
			productType = "com.apple.product-type.application";
		};
		61322FE32111905600B604B2 /* InputModuleTests */ = {
			isa = PBXNativeTarget;
			buildConfigurationList = 61322FFB2111905700B604B2 /* Build configuration list for PBXNativeTarget "InputModuleTests" */;
			buildPhases = (
				61322FE02111905600B604B2 /* Sources */,
				61322FE12111905600B604B2 /* Frameworks */,
				61322FE22111905600B604B2 /* Resources */,
			);
			buildRules = (
			);
			dependencies = (
				61322FE62111905600B604B2 /* PBXTargetDependency */,
			);
			name = InputModuleTests;
			productName = InputModuleTests;
			productReference = 61322FE42111905600B604B2 /* InputModuleTests.xctest */;
			productType = "com.apple.product-type.bundle.unit-test";
		};
		61322FEE2111905600B604B2 /* InputModuleUITests */ = {
			isa = PBXNativeTarget;
			buildConfigurationList = 61322FFE2111905700B604B2 /* Build configuration list for PBXNativeTarget "InputModuleUITests" */;
			buildPhases = (
				61322FEB2111905600B604B2 /* Sources */,
				61322FEC2111905600B604B2 /* Frameworks */,
				61322FED2111905600B604B2 /* Resources */,
			);
			buildRules = (
			);
			dependencies = (
				61322FF12111905600B604B2 /* PBXTargetDependency */,
			);
			name = InputModuleUITests;
			productName = InputModuleUITests;
			productReference = 61322FEF2111905600B604B2 /* InputModuleUITests.xctest */;
			productType = "com.apple.product-type.bundle.ui-testing";
		};
/* End PBXNativeTarget section */

/* Begin PBXProject section */
		61322FC42111905400B604B2 /* Project object */ = {
			isa = PBXProject;
			attributes = {
				LastUpgradeCheck = 0940;
				ORGANIZATIONNAME = MLD;
				TargetAttributes = {
					61322FCB2111905400B604B2 = {
						CreatedOnToolsVersion = 9.4;
					};
					61322FE32111905600B604B2 = {
						CreatedOnToolsVersion = 9.4;
						TestTargetID = 61322FCB2111905400B604B2;
					};
					61322FEE2111905600B604B2 = {
						CreatedOnToolsVersion = 9.4;
						TestTargetID = 61322FCB2111905400B604B2;
					};
				};
			};
			buildConfigurationList = 61322FC72111905400B604B2 /* Build configuration list for PBXProject "InputModule" */;
			compatibilityVersion = "Xcode 9.3";
			developmentRegion = en;
			hasScannedForEncodings = 0;
			knownRegions = (
				en,
				Base,
			);
			mainGroup = 61322FC32111905400B604B2;
			productRefGroup = 61322FCD2111905400B604B2 /* Products */;
			projectDirPath = "";
			projectRoot = "";
			targets = (
				61322FCB2111905400B604B2 /* InputModule */,
				61322FE32111905600B604B2 /* InputModuleTests */,
				61322FEE2111905600B604B2 /* InputModuleUITests */,
			);
		};
/* End PBXProject section */

/* Begin PBXResourcesBuildPhase section */
		61322FCA2111905400B604B2 /* Resources */ = {
			isa = PBXResourcesBuildPhase;
			buildActionMask = 2147483647;
			files = (
				61322FDC2111905600B604B2 /* LaunchScreen.storyboard in Resources */,
				61322FD92111905600B604B2 /* Assets.xcassets in Resources */,
				61322FD72111905400B604B2 /* Main.storyboard in Resources */,
			);
			runOnlyForDeploymentPostprocessing = 0;
		};
		61322FE22111905600B604B2 /* Resources */ = {
			isa = PBXResourcesBuildPhase;
			buildActionMask = 2147483647;
			files = (
			);
			runOnlyForDeploymentPostprocessing = 0;
		};
		61322FED2111905600B604B2 /* Resources */ = {
			isa = PBXResourcesBuildPhase;
			buildActionMask = 2147483647;
			files = (
			);
			runOnlyForDeploymentPostprocessing = 0;
		};
/* End PBXResourcesBuildPhase section */

/* Begin PBXShellScriptBuildPhase section */
		7308DB9E76CE74FBEC38903C /* [CP] Check Pods Manifest.lock */ = {
			isa = PBXShellScriptBuildPhase;
			buildActionMask = 2147483647;
			files = (
			);
			inputPaths = (
				"${PODS_PODFILE_DIR_PATH}/Podfile.lock",
				"${PODS_ROOT}/Manifest.lock",
			);
			name = "[CP] Check Pods Manifest.lock";
			outputPaths = (
				"$(DERIVED_FILE_DIR)/Pods-InputModule-checkManifestLockResult.txt",
			);
			runOnlyForDeploymentPostprocessing = 0;
			shellPath = /bin/sh;
			shellScript = "diff \"${PODS_PODFILE_DIR_PATH}/Podfile.lock\" \"${PODS_ROOT}/Manifest.lock\" > /dev/null\nif [ $? != 0 ] ; then\n    # print error to STDERR\n    echo \"error: The sandbox is not in sync with the Podfile.lock. Run 'pod install' or update your CocoaPods installation.\" >&2\n    exit 1\nfi\n# This output is used by Xcode 'outputs' to avoid re-running this script phase.\necho \"SUCCESS\" > \"${SCRIPT_OUTPUT_FILE_0}\"\n";
			showEnvVarsInLog = 0;
		};
/* End PBXShellScriptBuildPhase section */

/* Begin PBXSourcesBuildPhase section */
		61322FC82111905400B604B2 /* Sources */ = {
			isa = PBXSourcesBuildPhase;
			buildActionMask = 2147483647;
			files = (
				6132300A21119C5B00B604B2 /* UIView+MLD.m in Sources */,
				613230142112B17A00B604B2 /* MLD_InputMaterialContainerView.m in Sources */,
				6132301D2112E13F00B604B2 /* MLD_MediaCell.m in Sources */,
				61322FD42111905400B604B2 /* ViewController.m in Sources */,
				6132300E2112B13900B604B2 /* MLD_InputVoiceContainerView.m in Sources */,
				613230032111999D00B604B2 /* MLD_InputView.m in Sources */,
				61323006211199F100B604B2 /* MLD_InputToolBar.m in Sources */,
				613230242113E13300B604B2 /* UITableView+MLD.m in Sources */,
				61322FDF2111905600B604B2 /* main.m in Sources */,
				613230112112B15C00B604B2 /* MLD_InputTextContainerView.m in Sources */,
				61322FD12111905400B604B2 /* AppDelegate.m in Sources */,
				613230202112E6ED00B604B2 /* MLD_MediaContainerView.m in Sources */,
				613230172112B18C00B604B2 /* MLD_InputManagerContainerView.m in Sources */,
				6132301A2112DBB200B604B2 /* MLD_MediaItem.m in Sources */,
			);
			runOnlyForDeploymentPostprocessing = 0;
		};
		61322FE02111905600B604B2 /* Sources */ = {
			isa = PBXSourcesBuildPhase;
			buildActionMask = 2147483647;
			files = (
				61322FE92111905600B604B2 /* InputModuleTests.m in Sources */,
			);
			runOnlyForDeploymentPostprocessing = 0;
		};
		61322FEB2111905600B604B2 /* Sources */ = {
			isa = PBXSourcesBuildPhase;
			buildActionMask = 2147483647;
			files = (
				61322FF42111905600B604B2 /* InputModuleUITests.m in Sources */,
			);
			runOnlyForDeploymentPostprocessing = 0;
		};
/* End PBXSourcesBuildPhase section */

/* Begin PBXTargetDependency section */
		61322FE62111905600B604B2 /* PBXTargetDependency */ = {
			isa = PBXTargetDependency;
			target = 61322FCB2111905400B604B2 /* InputModule */;
			targetProxy = 61322FE52111905600B604B2 /* PBXContainerItemProxy */;
		};
		61322FF12111905600B604B2 /* PBXTargetDependency */ = {
			isa = PBXTargetDependency;
			target = 61322FCB2111905400B604B2 /* InputModule */;
			targetProxy = 61322FF02111905600B604B2 /* PBXContainerItemProxy */;
		};
/* End PBXTargetDependency section */

/* Begin PBXVariantGroup section */
		61322FD52111905400B604B2 /* Main.storyboard */ = {
			isa = PBXVariantGroup;
			children = (
				61322FD62111905400B604B2 /* Base */,
			);
			name = Main.storyboard;
			sourceTree = "<group>";
		};
		61322FDA2111905600B604B2 /* LaunchScreen.storyboard */ = {
			isa = PBXVariantGroup;
			children = (
				61322FDB2111905600B604B2 /* Base */,
			);
			name = LaunchScreen.storyboard;
			sourceTree = "<group>";
		};
/* End PBXVariantGroup section */

/* Begin XCBuildConfiguration section */
		61322FF62111905700B604B2 /* Debug */ = {
			isa = XCBuildConfiguration;
			buildSettings = {
				ALWAYS_SEARCH_USER_PATHS = NO;
				CLANG_ANALYZER_NONNULL = YES;
				CLANG_ANALYZER_NUMBER_OBJECT_CONVERSION = YES_AGGRESSIVE;
				CLANG_CXX_LANGUAGE_STANDARD = "gnu++14";
				CLANG_CXX_LIBRARY = "libc++";
				CLANG_ENABLE_MODULES = YES;
				CLANG_ENABLE_OBJC_ARC = YES;
				CLANG_ENABLE_OBJC_WEAK = YES;
				CLANG_WARN_BLOCK_CAPTURE_AUTORELEASING = YES;
				CLANG_WARN_BOOL_CONVERSION = YES;
				CLANG_WARN_COMMA = YES;
				CLANG_WARN_CONSTANT_CONVERSION = YES;
				CLANG_WARN_DEPRECATED_OBJC_IMPLEMENTATIONS = YES;
				CLANG_WARN_DIRECT_OBJC_ISA_USAGE = YES_ERROR;
				CLANG_WARN_DOCUMENTATION_COMMENTS = YES;
				CLANG_WARN_EMPTY_BODY = YES;
				CLANG_WARN_ENUM_CONVERSION = YES;
				CLANG_WARN_INFINITE_RECURSION = YES;
				CLANG_WARN_INT_CONVERSION = YES;
				CLANG_WARN_NON_LITERAL_NULL_CONVERSION = YES;
				CLANG_WARN_OBJC_IMPLICIT_RETAIN_SELF = YES;
				CLANG_WARN_OBJC_LITERAL_CONVERSION = YES;
				CLANG_WARN_OBJC_ROOT_CLASS = YES_ERROR;
				CLANG_WARN_RANGE_LOOP_ANALYSIS = YES;
				CLANG_WARN_STRICT_PROTOTYPES = YES;
				CLANG_WARN_SUSPICIOUS_MOVE = YES;
				CLANG_WARN_UNGUARDED_AVAILABILITY = YES_AGGRESSIVE;
				CLANG_WARN_UNREACHABLE_CODE = YES;
				CLANG_WARN__DUPLICATE_METHOD_MATCH = YES;
				CODE_SIGN_IDENTITY = "iPhone Developer";
				COPY_PHASE_STRIP = NO;
				DEBUG_INFORMATION_FORMAT = dwarf;
				ENABLE_STRICT_OBJC_MSGSEND = YES;
				ENABLE_TESTABILITY = YES;
				GCC_C_LANGUAGE_STANDARD = gnu11;
				GCC_DYNAMIC_NO_PIC = NO;
				GCC_NO_COMMON_BLOCKS = YES;
				GCC_OPTIMIZATION_LEVEL = 0;
				GCC_PREPROCESSOR_DEFINITIONS = (
					"DEBUG=1",
					"$(inherited)",
				);
				GCC_WARN_64_TO_32_BIT_CONVERSION = YES;
				GCC_WARN_ABOUT_RETURN_TYPE = YES_ERROR;
				GCC_WARN_UNDECLARED_SELECTOR = YES;
				GCC_WARN_UNINITIALIZED_AUTOS = YES_AGGRESSIVE;
				GCC_WARN_UNUSED_FUNCTION = YES;
				GCC_WARN_UNUSED_VARIABLE = YES;
				IPHONEOS_DEPLOYMENT_TARGET = 11.4;
				MTL_ENABLE_DEBUG_INFO = YES;
				ONLY_ACTIVE_ARCH = YES;
				SDKROOT = iphoneos;
			};
			name = Debug;
		};
		61322FF72111905700B604B2 /* Release */ = {
			isa = XCBuildConfiguration;
			buildSettings = {
				ALWAYS_SEARCH_USER_PATHS = NO;
				CLANG_ANALYZER_NONNULL = YES;
				CLANG_ANALYZER_NUMBER_OBJECT_CONVERSION = YES_AGGRESSIVE;
				CLANG_CXX_LANGUAGE_STANDARD = "gnu++14";
				CLANG_CXX_LIBRARY = "libc++";
				CLANG_ENABLE_MODULES = YES;
				CLANG_ENABLE_OBJC_ARC = YES;
				CLANG_ENABLE_OBJC_WEAK = YES;
				CLANG_WARN_BLOCK_CAPTURE_AUTORELEASING = YES;
				CLANG_WARN_BOOL_CONVERSION = YES;
				CLANG_WARN_COMMA = YES;
				CLANG_WARN_CONSTANT_CONVERSION = YES;
				CLANG_WARN_DEPRECATED_OBJC_IMPLEMENTATIONS = YES;
				CLANG_WARN_DIRECT_OBJC_ISA_USAGE = YES_ERROR;
				CLANG_WARN_DOCUMENTATION_COMMENTS = YES;
				CLANG_WARN_EMPTY_BODY = YES;
				CLANG_WARN_ENUM_CONVERSION = YES;
				CLANG_WARN_INFINITE_RECURSION = YES;
				CLANG_WARN_INT_CONVERSION = YES;
				CLANG_WARN_NON_LITERAL_NULL_CONVERSION = YES;
				CLANG_WARN_OBJC_IMPLICIT_RETAIN_SELF = YES;
				CLANG_WARN_OBJC_LITERAL_CONVERSION = YES;
				CLANG_WARN_OBJC_ROOT_CLASS = YES_ERROR;
				CLANG_WARN_RANGE_LOOP_ANALYSIS = YES;
				CLANG_WARN_STRICT_PROTOTYPES = YES;
				CLANG_WARN_SUSPICIOUS_MOVE = YES;
				CLANG_WARN_UNGUARDED_AVAILABILITY = YES_AGGRESSIVE;
				CLANG_WARN_UNREACHABLE_CODE = YES;
				CLANG_WARN__DUPLICATE_METHOD_MATCH = YES;
				CODE_SIGN_IDENTITY = "iPhone Developer";
				COPY_PHASE_STRIP = NO;
				DEBUG_INFORMATION_FORMAT = "dwarf-with-dsym";
				ENABLE_NS_ASSERTIONS = NO;
				ENABLE_STRICT_OBJC_MSGSEND = YES;
				GCC_C_LANGUAGE_STANDARD = gnu11;
				GCC_NO_COMMON_BLOCKS = YES;
				GCC_WARN_64_TO_32_BIT_CONVERSION = YES;
				GCC_WARN_ABOUT_RETURN_TYPE = YES_ERROR;
				GCC_WARN_UNDECLARED_SELECTOR = YES;
				GCC_WARN_UNINITIALIZED_AUTOS = YES_AGGRESSIVE;
				GCC_WARN_UNUSED_FUNCTION = YES;
				GCC_WARN_UNUSED_VARIABLE = YES;
				IPHONEOS_DEPLOYMENT_TARGET = 11.4;
				MTL_ENABLE_DEBUG_INFO = NO;
				SDKROOT = iphoneos;
				VALIDATE_PRODUCT = YES;
			};
			name = Release;
		};
		61322FF92111905700B604B2 /* Debug */ = {
			isa = XCBuildConfiguration;
			baseConfigurationReference = 53979D017C0B751678480679 /* Pods-InputModule.debug.xcconfig */;
			buildSettings = {
				ASSETCATALOG_COMPILER_APPICON_NAME = AppIcon;
				CODE_SIGN_STYLE = Automatic;
				GCC_PRECOMPILE_PREFIX_HEADER = YES;
				GCC_PREFIX_HEADER = "$(SRCROOT)/InputModule/PrefixHeader.pch";
				INFOPLIST_FILE = InputModule/Info.plist;
				LD_RUNPATH_SEARCH_PATHS = (
					"$(inherited)",
					"@executable_path/Frameworks",
				);
				PRODUCT_BUNDLE_IDENTIFIER = com.Medlander.InputModule;
				PRODUCT_NAME = "$(TARGET_NAME)";
				TARGETED_DEVICE_FAMILY = "1,2";
				USER_HEADER_SEARCH_PATHS = "$(PODS_ROOT)/**";
			};
			name = Debug;
		};
		61322FFA2111905700B604B2 /* Release */ = {
			isa = XCBuildConfiguration;
			baseConfigurationReference = D2382CF6ACD7CA8C63F03254 /* Pods-InputModule.release.xcconfig */;
			buildSettings = {
				ASSETCATALOG_COMPILER_APPICON_NAME = AppIcon;
				CODE_SIGN_STYLE = Automatic;
				GCC_PRECOMPILE_PREFIX_HEADER = YES;
				GCC_PREFIX_HEADER = "$(SRCROOT)/InputModule/PrefixHeader.pch";
				INFOPLIST_FILE = InputModule/Info.plist;
				LD_RUNPATH_SEARCH_PATHS = (
					"$(inherited)",
					"@executable_path/Frameworks",
				);
				PRODUCT_BUNDLE_IDENTIFIER = com.Medlander.InputModule;
				PRODUCT_NAME = "$(TARGET_NAME)";
				TARGETED_DEVICE_FAMILY = "1,2";
				USER_HEADER_SEARCH_PATHS = "$(PODS_ROOT)/**";
			};
			name = Release;
		};
		61322FFC2111905700B604B2 /* Debug */ = {
			isa = XCBuildConfiguration;
			buildSettings = {
				BUNDLE_LOADER = "$(TEST_HOST)";
				CODE_SIGN_STYLE = Automatic;
				INFOPLIST_FILE = InputModuleTests/Info.plist;
				LD_RUNPATH_SEARCH_PATHS = (
					"$(inherited)",
					"@executable_path/Frameworks",
					"@loader_path/Frameworks",
				);
				PRODUCT_BUNDLE_IDENTIFIER = com.Medlander.InputModuleTests;
				PRODUCT_NAME = "$(TARGET_NAME)";
				TARGETED_DEVICE_FAMILY = "1,2";
				TEST_HOST = "$(BUILT_PRODUCTS_DIR)/InputModule.app/InputModule";
			};
			name = Debug;
		};
		61322FFD2111905700B604B2 /* Release */ = {
			isa = XCBuildConfiguration;
			buildSettings = {
				BUNDLE_LOADER = "$(TEST_HOST)";
				CODE_SIGN_STYLE = Automatic;
				INFOPLIST_FILE = InputModuleTests/Info.plist;
				LD_RUNPATH_SEARCH_PATHS = (
					"$(inherited)",
					"@executable_path/Frameworks",
					"@loader_path/Frameworks",
				);
				PRODUCT_BUNDLE_IDENTIFIER = com.Medlander.InputModuleTests;
				PRODUCT_NAME = "$(TARGET_NAME)";
				TARGETED_DEVICE_FAMILY = "1,2";
				TEST_HOST = "$(BUILT_PRODUCTS_DIR)/InputModule.app/InputModule";
			};
			name = Release;
		};
		61322FFF2111905700B604B2 /* Debug */ = {
			isa = XCBuildConfiguration;
			buildSettings = {
				CODE_SIGN_STYLE = Automatic;
				INFOPLIST_FILE = InputModuleUITests/Info.plist;
				LD_RUNPATH_SEARCH_PATHS = (
					"$(inherited)",
					"@executable_path/Frameworks",
					"@loader_path/Frameworks",
				);
				PRODUCT_BUNDLE_IDENTIFIER = com.Medlander.InputModuleUITests;
				PRODUCT_NAME = "$(TARGET_NAME)";
				TARGETED_DEVICE_FAMILY = "1,2";
				TEST_TARGET_NAME = InputModule;
			};
			name = Debug;
		};
		613230002111905700B604B2 /* Release */ = {
			isa = XCBuildConfiguration;
			buildSettings = {
				CODE_SIGN_STYLE = Automatic;
				INFOPLIST_FILE = InputModuleUITests/Info.plist;
				LD_RUNPATH_SEARCH_PATHS = (
					"$(inherited)",
					"@executable_path/Frameworks",
					"@loader_path/Frameworks",
				);
				PRODUCT_BUNDLE_IDENTIFIER = com.Medlander.InputModuleUITests;
				PRODUCT_NAME = "$(TARGET_NAME)";
				TARGETED_DEVICE_FAMILY = "1,2";
				TEST_TARGET_NAME = InputModule;
			};
			name = Release;
		};
/* End XCBuildConfiguration section */

/* Begin XCConfigurationList section */
		61322FC72111905400B604B2 /* Build configuration list for PBXProject "InputModule" */ = {
			isa = XCConfigurationList;
			buildConfigurations = (
				61322FF62111905700B604B2 /* Debug */,
				61322FF72111905700B604B2 /* Release */,
			);
			defaultConfigurationIsVisible = 0;
			defaultConfigurationName = Release;
		};
		61322FF82111905700B604B2 /* Build configuration list for PBXNativeTarget "InputModule" */ = {
			isa = XCConfigurationList;
			buildConfigurations = (
				61322FF92111905700B604B2 /* Debug */,
				61322FFA2111905700B604B2 /* Release */,
			);
			defaultConfigurationIsVisible = 0;
			defaultConfigurationName = Release;
		};
		61322FFB2111905700B604B2 /* Build configuration list for PBXNativeTarget "InputModuleTests" */ = {
			isa = XCConfigurationList;
			buildConfigurations = (
				61322FFC2111905700B604B2 /* Debug */,
				61322FFD2111905700B604B2 /* Release */,
			);
			defaultConfigurationIsVisible = 0;
			defaultConfigurationName = Release;
		};
		61322FFE2111905700B604B2 /* Build configuration list for PBXNativeTarget "InputModuleUITests" */ = {
			isa = XCConfigurationList;
			buildConfigurations = (
				61322FFF2111905700B604B2 /* Debug */,
				613230002111905700B604B2 /* Release */,
			);
			defaultConfigurationIsVisible = 0;
			defaultConfigurationName = Release;
		};
/* End XCConfigurationList section */
	};
	rootObject = 61322FC42111905400B604B2 /* Project object */;
}
